# THIS IS AN AUTOGENERATED FILE. DO NOT EDIT THIS FILE DIRECTLY.
# yarn lockfile v1


"@types/prismjs@^1.26.0":
  version "1.26.4"
  resolved "https://registry.yarnpkg.com/@types/prismjs/-/prismjs-1.26.4.tgz#1a9e1074619ce1d7322669e5b46fbe823925103a"
  integrity sha512-rlAnzkW2sZOjbqZ743IHUhFcvzaGbqijwOu8QZnZCjfQzBqFE3s4lOTJEsxikImav9uzz/42I+O7YUs1mWgMlg==

clsx@^2.0.0:
  version "2.1.1"
  resolved "https://registry.yarnpkg.com/clsx/-/clsx-2.1.1.tgz#eed397c9fd8bd882bfb18deab7102049a2f32999"
  integrity sha512-eYm0QWBtUrBWZWG0d386OGAw16Z995PiOVo2B7bjWSbHedGl5e0ZWaq65kOGgUSNesEIDkB9ISbTg/JK9dhCZA==

prism-react-renderer@^2.3.1:
  version "2.3.1"
  resolved "https://registry.yarnpkg.com/prism-react-renderer/-/prism-react-renderer-2.3.1.tgz#e59e5450052ede17488f6bc85de1553f584ff8d5"
  integrity sha512-Rdf+HzBLR7KYjzpJ1rSoxT9ioO85nZngQEoFIhL07XhtJHlCU3SOz0GJ6+qvMyQe0Se+BV3qpe6Yd/NmQF5Juw==
  dependencies:
    "@types/prismjs" "^1.26.0"
    clsx "^2.0.0"

react-simple-code-editor@^0.14.1:
  version "0.14.1"
  resolved "https://registry.yarnpkg.com/react-simple-code-editor/-/react-simple-code-editor-0.14.1.tgz#fd37eb3349f5def45900dd46acf296f796d81d2c"
  integrity sha512-BR5DtNRy+AswWJECyA17qhUDvrrCZ6zXOCfkQY5zSmb96BVUbpVAv03WpcjcwtCwiLbIANx3gebHOcXYn1EHow==
