# THIS IS AN AUTOGENERATED FILE. DO NOT EDIT THIS FILE DIRECTLY.
# yarn lockfile v1


"@types/prismjs@^1.26.0":
  version "1.26.4"
  resolved "https://registry.npmjs.org/@types/prismjs/-/prismjs-1.26.4.tgz"
  integrity sha512-rlAnzkW2sZOjbqZ743IHUhFcvzaGbqijwOu8QZnZCjfQzBqFE3s4lOTJEsxikImav9uzz/42I+O7YUs1mWgMlg==

clsx@^2.0.0:
  version "2.1.1"
  resolved "https://registry.npmjs.org/clsx/-/clsx-2.1.1.tgz"
  integrity sha512-eYm0QWBtUrBWZWG0d386OGAw16Z995PiOVo2B7bjWSbHedGl5e0ZWaq65kOGgUSNesEIDkB9ISbTg/JK9dhCZA==

"js-tokens@^3.0.0 || ^4.0.0":
  version "4.0.0"
  resolved "https://registry.npmjs.org/js-tokens/-/js-tokens-4.0.0.tgz"
  integrity sha512-RdJUflcE3cUzKiMqQgsCu06FPu9UdIJO0beYbPhHN4k6apgJtifcoCtT9bcxOpYBtpD2kCM6Sbzg4CausW/PKQ==

loose-envify@^1.1.0:
  version "1.4.0"
  resolved "https://registry.npmjs.org/loose-envify/-/loose-envify-1.4.0.tgz"
  integrity sha512-lyuxPGr/Wfhrlem2CL/UcnUc1zcqKAImBDzukY7Y5F/yQiNdko6+fRLevlw1HgMySw7f611UIY408EtxRSoK3Q==
  dependencies:
    js-tokens "^3.0.0 || ^4.0.0"

prism-react-renderer@^2.3.1:
  version "2.3.1"
  resolved "https://registry.npmjs.org/prism-react-renderer/-/prism-react-renderer-2.3.1.tgz"
  integrity sha512-Rdf+HzBLR7KYjzpJ1rSoxT9ioO85nZngQEoFIhL07XhtJHlCU3SOz0GJ6+qvMyQe0Se+BV3qpe6Yd/NmQF5Juw==
  dependencies:
    "@types/prismjs" "^1.26.0"
    clsx "^2.0.0"

react-dom@>=16.8.0:
  version "18.3.1"
  resolved "https://registry.npmjs.org/react-dom/-/react-dom-18.3.1.tgz"
  integrity sha512-5m4nQKp+rZRb09LNH59GM4BxTh9251/ylbKIbpe7TpGxfJ+9kv6BLkLBXIjjspbgbnIBNqlI23tRnTWT0snUIw==
  dependencies:
    loose-envify "^1.1.0"
    scheduler "^0.23.2"

react-simple-code-editor@^0.14.1:
  version "0.14.1"
  resolved "https://registry.npmjs.org/react-simple-code-editor/-/react-simple-code-editor-0.14.1.tgz"
  integrity sha512-BR5DtNRy+AswWJECyA17qhUDvrrCZ6zXOCfkQY5zSmb96BVUbpVAv03WpcjcwtCwiLbIANx3gebHOcXYn1EHow==

react@^18.3.1, react@>=16.0.0, react@>=16.8.0:
  version "18.3.1"
  resolved "https://registry.npmjs.org/react/-/react-18.3.1.tgz"
  integrity sha512-wS+hAgJShR0KhEvPJArfuPVN1+Hz1t0Y6n5jLrGQbkb4urgPE/0Rve+1kMB1v/oWgHgm4WIcV+i7F2pTVj+2iQ==
  dependencies:
    loose-envify "^1.1.0"

scheduler@^0.23.2:
  version "0.23.2"
  resolved "https://registry.npmjs.org/scheduler/-/scheduler-0.23.2.tgz"
  integrity sha512-UOShsPwz7NrMUqhR6t0hWjFduvOzbtv7toDH1/hIrfRNIDBnnBWd0CwJTGvTpngVlmwGCdP9/Zl/tVrDqcuYzQ==
  dependencies:
    loose-envify "^1.1.0"
